# THIS IS AN AUTOGENERATED FILE. DO NOT EDIT THIS FILE DIRECTLY.
# yarn lockfile v1


"@babel/generator@^7.28.6":
  version "7.29.1"
  resolved "https://registry.yarnpkg.com/@babel/generator/-/generator-7.29.1.tgz#d09876290111abbb00ef962a7b83a5307fba0d50"
  integrity sha512-qsaF+9Qcm2Qv8SRIMMscAvG4O3lJ0F1GuMo5HR/Bp02LopNgnZBC/EkbevHFeGs4ls/oPz9v+Bsmzbkbe+0dUw==
  dependencies:
    "@babel/parser" "^7.29.0"
    "@babel/types" "^7.29.0"
    "@jridgewell/gen-mapping" "^0.3.12"
    "@jridgewell/trace-mapping" "^0.3.28"
    jsesc "^3.0.2"

"@babel/helper-string-parser@^7.27.1":
  version "7.27.1"
  resolved "https://registry.yarnpkg.com/@babel/helper-string-parser/-/helper-string-parser-7.27.1.tgz#54da796097ab19ce67ed9f88b47bb2ec49367687"
  integrity sha512-qMlSxKbpRlAridDExk92nSobyDdpPijUq2DW6oDnUqd0iOGxmQjyqhMIihI9+zv4LPyZdRje2cavWPbCbWm3eA==

"@babel/helper-validator-identifier@^7.28.5":
  version "7.28.5"
  resolved "https://registry.yarnpkg.com/@babel/helper-validator-identifier/-/helper-validator-identifier-7.28.5.tgz#010b6938fab7cb7df74aa2bbc06aa503b8fe5fb4"
  integrity sha512-qSs4ifwzKJSV39ucNjsvc6WVHs6b7S03sOh2OcHF9UHfVPqWWALUsNUVzhSBiItjRZoLHx7nIarVjqKVusUZ1Q==

"@babel/parser@^7.28.4", "@babel/parser@^7.28.5", "@babel/parser@^7.29.0":
  version "7.29.0"
  resolved "https://registry.yarnpkg.com/@babel/parser/-/parser-7.29.0.tgz#669ef345add7d057e92b7ed15f0bac07611831b6"
  integrity sha512-IyDgFV5GeDUVX4YdF/3CPULtVGSXXMLh1xVIgdCgxApktqnQV0r7/8Nqthg+8YLGaAtdyIlo2qIdZrbCv4+7ww==
  dependencies:
    "@babel/types" "^7.29.0"

"@babel/types@^7.29.0":
  version "7.29.0"
  resolved "https://registry.yarnpkg.com/@babel/types/-/types-7.29.0.tgz#9f5b1e838c446e72cf3cd4b918152b8c605e37c7"
  integrity sha512-LwdZHpScM4Qz8Xw2iKSzS+cfglZzJGvofQICy7W7v4caru4EaAmyUuO6BGrbyQ2mYV11W0U8j5mBhd14dd3B0A==
  dependencies:
    "@babel/helper-string-parser" "^7.27.1"
    "@babel/helper-validator-identifier" "^7.28.5"

"@egjs/hammerjs@^2.0.17":
  version "2.0.17"
  resolved "https://registry.yarnpkg.com/@egjs/hammerjs/-/hammerjs-2.0.17.tgz#5dc02af75a6a06e4c2db0202cae38c9263895124"
  integrity sha512-XQsZgjm2EcVUiZQf11UBJQfmZeEmOW8DpI1gsFeln6w0ae0ii4dMQEQ0kjl6DspdWX1aGY1/loyXnP0JS06e/A==
  dependencies:
    "@types/hammerjs" "^2.0.36"

"@emnapi/core@^1.7.1":
  version "1.8.1"
  resolved "https://registry.yarnpkg.com/@emnapi/core/-/core-1.8.1.tgz#fd9efe721a616288345ffee17a1f26ac5dd01349"
  integrity sha512-AvT9QFpxK0Zd8J0jopedNm+w/2fIzvtPKPjqyw9jwvBaReTTqPBk9Hixaz7KbjimP+QNz605/XnjFcDAL2pqBg==
  dependencies:
    "@emnapi/wasi-threads" "1.1.0"
    tslib "^2.4.0"

"@emnapi/runtime@^1.7.1":
  version "1.8.1"
  resolved "https://registry.yarnpkg.com/@emnapi/runtime/-/runtime-1.8.1.tgz#550fa7e3c0d49c5fb175a116e8cd70614f9a22a5"
  integrity sha512-mehfKSMWjjNol8659Z8KxEMrdSJDDot5SXMq00dM8BN4o+CLNXQ0xH2V7EchNHV4RmbZLmmPdEaXZc5H2FXmDg==
  dependencies:
    tslib "^2.4.0"

"@emnapi/wasi-threads@1.1.0":
  version "1.1.0"
  resolved "https://registry.yarnpkg.com/@emnapi/wasi-threads/-/wasi-threads-1.1.0.tgz#60b2102fddc9ccb78607e4a3cf8403ea69be41bf"
  integrity sha512-WI0DdZ8xFSbgMjR1sFsKABJ/C5OnRrjT06JXbZKexJGrDuPTzZdDYfFlsgcCXCyf+suG5QU2e/y1Wo2V/OapLQ==
  dependencies:
    tslib "^2.4.0"

"@jridgewell/gen-mapping@^0.3.12", "@jridgewell/gen-mapping@^0.3.5":
  version "0.3.13"
  resolved "https://registry.yarnpkg.com/@jridgewell/gen-mapping/-/gen-mapping-0.3.13.tgz#6342a19f44347518c93e43b1ac69deb3c4656a1f"
  integrity sha512-2kkt/7niJ6MgEPxF0bYdQ6etZaA+fQvDcLKckhy1yIQOzaoKjBBjSj63/aLVjYE3qhRt5dvM+uUyfCg6UKCBbA==
  dependencies:
    "@jridgewell/sourcemap-codec" "^1.5.0"
    "@jridgewell/trace-mapping" "^0.3.24"

"@jridgewell/remapping@^2.3.5":
  version "2.3.5"
  resolved "https://registry.yarnpkg.com/@jridgewell/remapping/-/remapping-2.3.5.tgz#375c476d1972947851ba1e15ae8f123047445aa1"
  integrity sha512-LI9u/+laYG4Ds1TDKSJW2YPrIlcVYOwi2fUC6xB43lueCjgxV4lffOCZCtYFiH6TNOX+tQKXx97T4IKHbhyHEQ==
  dependencies:
    "@jridgewell/gen-mapping" "^0.3.5"
    "@jridgewell/trace-mapping" "^0.3.24"

"@jridgewell/resolve-uri@^3.1.0":
  version "3.1.2"
  resolved "https://registry.yarnpkg.com/@jridgewell/resolve-uri/-/resolve-uri-3.1.2.tgz#7a0ee601f60f99a20c7c7c5ff0c80388c1189bd6"
  integrity sha512-bRISgCIjP20/tbWSPWMEi54QVPRZExkuD9lJL+UIxUKtwVJA8wW1Trb1jMs1RFXo1CBTNZ/5hpC9QvmKWdopKw==

"@jridgewell/sourcemap-codec@^1.4.14", "@jridgewell/sourcemap-codec@^1.5.0", "@jridgewell/sourcemap-codec@^1.5.5":
  version "1.5.5"
  resolved "https://registry.yarnpkg.com/@jridgewell/sourcemap-codec/-/sourcemap-codec-1.5.5.tgz#6912b00d2c631c0d15ce1a7ab57cd657f2a8f8ba"
  integrity sha512-cYQ9310grqxueWbl+WuIUIaiUaDcj7WOq5fVhEljNVgRfOUhY9fy2zTvfoqWsnebh8Sl70VScFbICvJnLKB0Og==

"@jridgewell/trace-mapping@^0.3.24", "@jridgewell/trace-mapping@^0.3.28":
  version "0.3.31"
  resolved "https://registry.yarnpkg.com/@jridgewell/trace-mapping/-/trace-mapping-0.3.31.tgz#db15d6781c931f3a251a3dac39501c98a6082fd0"
  integrity sha512-zzNR+SdQSDJzc8joaeP8QQoCQr8NuYx2dIIytl1QeBEZHJ9uW6hebsrYgbz8hJwUQao3TWCMtmfV8Nu1twOLAw==
  dependencies:
    "@jridgewell/resolve-uri" "^3.1.0"
    "@jridgewell/sourcemap-codec" "^1.4.14"

"@napi-rs/wasm-runtime@^1.1.1":
  version "1.1.1"
  resolved "https://registry.yarnpkg.com/@napi-rs/wasm-runtime/-/wasm-runtime-1.1.1.tgz#c3705ab549d176b8dc5172723d6156c3dc426af2"
  integrity sha512-p64ah1M1ld8xjWv3qbvFwHiFVWrq1yFvV4f7w+mzaqiR4IlSgkqhcRdHwsGgomwzBH51sRY4NEowLxnaBjcW/A==
  dependencies:
    "@emnapi/core" "^1.7.1"
    "@emnapi/runtime" "^1.7.1"
    "@tybys/wasm-util" "^0.10.1"

"@oxc-project/runtime@0.115.0":
  version "0.115.0"
  resolved "https://registry.yarnpkg.com/@oxc-project/runtime/-/runtime-0.115.0.tgz#5e8350088964e1d8e0c73cfccfc1d71ca2e2f4a2"
  integrity sha512-Rg8Wlt5dCbXhQnsXPrkOjL1DTSvXLgb2R/KYfnf1/K+R0k6UMLEmbQXPM+kwrWqSmWA2t0B1EtHy2/3zikQpvQ==

"@oxc-project/types@=0.115.0":
  version "0.115.0"
  resolved "https://registry.yarnpkg.com/@oxc-project/types/-/types-0.115.0.tgz#92a599543529bce45f8f2da77f40a124d63349dc"
  integrity sha512-4n91DKnebUS4yjUHl2g3/b2T+IUdCfmoZGhmwsovZCDaJSs+QkVAM+0AqqTxHSsHfeiMuueT75cZaZcT/m0pSw==

"@primeuix/styled@^0.7.4":
  version "0.7.4"
  resolved "https://registry.yarnpkg.com/@primeuix/styled/-/styled-0.7.4.tgz#d2108a7fad297dea60d549b2c10ed744dc0cbc0e"
  integrity sha512-QSO/NpOQg8e9BONWRBx9y8VGMCMYz0J/uKfNJEya/RGEu7ARx0oYW0ugI1N3/KB1AAvyGxzKBzGImbwg0KUiOQ==
  dependencies:
    "@primeuix/utils" "^0.6.1"

"@primeuix/styles@^2.0.2":
  version "2.0.3"
  resolved "https://registry.yarnpkg.com/@primeuix/styles/-/styles-2.0.3.tgz#e42d14c138fe092683228d65a3f6de17de70d6a0"
  integrity sha512-2ykAB6BaHzR/6TwF8ShpJTsZrid6cVIEBVlookSdvOdmlWuevGu5vWOScgIwqWwlZcvkFYAGR/SUV3OHCTBMdw==
  dependencies:
    "@primeuix/styled" "^0.7.4"

"@primeuix/themes@^2.0.3":
  version "2.0.3"
  resolved "https://registry.yarnpkg.com/@primeuix/themes/-/themes-2.0.3.tgz#c3919d49e818b3bbac611ab8d89a52d4ffed6815"
  integrity sha512-3fS1883mtCWhgUgNf/feiaaDSOND4EBIOu9tZnzJlJ8QtYyL6eFLcA6V3ymCWqLVXQ1+lTVEZv1gl47FIdXReg==
  dependencies:
    "@primeuix/styled" "^0.7.4"

"@primeuix/utils@^0.6.1", "@primeuix/utils@^0.6.2":
  version "0.6.4"
  resolved "https://registry.yarnpkg.com/@primeuix/utils/-/utils-0.6.4.tgz#f436eae1be166662d424b8550a97ba0c150819e6"
  integrity sha512-pZ5f+vj7wSzRhC7KoEQRU5fvYAe+RP9+m39CTscZ3UywCD1Y2o6Fe1rRgklMPSkzUcty2jzkA0zMYkiJBD1hgg==

"@primevue/core@4.5.4":
  version "4.5.4"
  resolved "https://registry.yarnpkg.com/@primevue/core/-/core-4.5.4.tgz#65ede07d18040bb7c09b199725d561c27b7ac76b"
  integrity sha512-lYJJB3wTrDJ8MkLctzHfrPZAqXVxoatjIsswSJzupatf6ZogJHVYADUKcn1JAkLLk8dtV1FA2AxDek663fHO5Q==
  dependencies:
    "@primeuix/styled" "^0.7.4"
    "@primeuix/utils" "^0.6.2"

"@primevue/icons@4.5.4":
  version "4.5.4"
  resolved "https://registry.yarnpkg.com/@primevue/icons/-/icons-4.5.4.tgz#dcb195dbb732fe9f3ab5db0de1bc49660d2c1f0f"
  integrity sha512-DxgryEc7ZmUqcEhYMcxGBRyFzdtLIoy3jLtlH1zsVSRZaG+iSAcjQ88nvfkZxGUZtZBFL7sRjF6KLq3bJZJwUw==
  dependencies:
    "@primeuix/utils" "^0.6.2"
    "@primevue/core" "4.5.4"

"@rolldown/binding-android-arm64@1.0.0-rc.6":
  version "1.0.0-rc.6"
  resolved "https://registry.yarnpkg.com/@rolldown/binding-android-arm64/-/binding-android-arm64-1.0.0-rc.6.tgz#4ee6333152206902aa1beb74a487ec7bc9df20bd"
  integrity sha512-kvjTSWGcrv+BaR2vge57rsKiYdVR8V8CoS0vgKrc570qRBfty4bT+1X0z3j2TaVV+kAYzA0PjeB9+mdZyqUZlg==

"@rolldown/binding-darwin-arm64@1.0.0-rc.6":
  version "1.0.0-rc.6"
  resolved "https://registry.yarnpkg.com/@rolldown/binding-darwin-arm64/-/binding-darwin-arm64-1.0.0-rc.6.tgz#0c1853b3b07e739087b33919fc388fe3ce314e9e"
  integrity sha512-+tJhD21KvGNtUrpLXrZQlT+j5HZKiEwR2qtcZb3vNOUpvoT9QjEykr75ZW/Kr0W89gose/HVXU6351uVZD8Qvw==

"@rolldown/binding-darwin-x64@1.0.0-rc.6":
  version "1.0.0-rc.6"
  resolved "https://registry.yarnpkg.com/@rolldown/binding-darwin-x64/-/binding-darwin-x64-1.0.0-rc.6.tgz#6e52da0ad87253b9cf04dcadf025dca1928e658d"
  integrity sha512-DKNhjMk38FAWaHwUt1dFR3rA/qRAvn2NUvSG2UGvxvlMxSmN/qqww/j4ABAbXhNRXtGQNmrAINMXRuwHl16ZHg==

"@rolldown/binding-freebsd-x64@1.0.0-rc.6":
  version "1.0.0-rc.6"
  resolved "https://registry.yarnpkg.com/@rolldown/binding-freebsd-x64/-/binding-freebsd-x64-1.0.0-rc.6.tgz#7e500eff970e39d1307e481b00874ab90af4a183"
  integrity sha512-8TThsRkCPAnfyMBShxrGdtoOE6h36QepqRQI97iFaQSCRbHFWHcDHppcojZnzXoruuhPnjMEygzaykvPVJsMRg==

"@rolldown/binding-linux-arm-gnueabihf@1.0.0-rc.6":
  version "1.0.0-rc.6"
  resolved "https://registry.yarnpkg.com/@rolldown/binding-linux-arm-gnueabihf/-/binding-linux-arm-gnueabihf-1.0.0-rc.6.tgz#247b60365081872f9ef8426e98bafbda7410c23a"
  integrity sha512-ZfmFoOwPUZCWtGOVC9/qbQzfc0249FrRUOzV2XabSMUV60Crp211OWLQN1zmQAsRIVWRcEwhJ46Z1mXGo/L/nQ==

"@rolldown/binding-linux-arm64-gnu@1.0.0-rc.6":
  version "1.0.0-rc.6"
  resolved "https://registry.yarnpkg.com/@rolldown/binding-linux-arm64-gnu/-/binding-linux-arm64-gnu-1.0.0-rc.6.tgz#504840853e42726c7b9c591792f6422aa93f118c"
  integrity sha512-ZsGzbNETxPodGlLTYHaCSGVhNN/rvkMDCJYHdT7PZr5jFJRmBfmDi2awhF64Dt2vxrJqY6VeeYSgOzEbHRsb7Q==

"@rolldown/binding-linux-arm64-musl@1.0.0-rc.6":
  version "1.0.0-rc.6"
  resolved "https://registry.yarnpkg.com/@rolldown/binding-linux-arm64-musl/-/binding-linux-arm64-musl-1.0.0-rc.6.tgz#f5f260bfa51083c45fcb59f10ba77991d29dbed4"
  integrity sha512-elPpdevtCdUOqziemR86C4CSCr/5sUxalzDrf/CJdMT+kZt2C556as++qHikNOz0vuFf52h+GJNXZM08eWgGPQ==

"@rolldown/binding-linux-x64-gnu@1.0.0-rc.6":
  version "1.0.0-rc.6"
  resolved "https://registry.yarnpkg.com/@rolldown/binding-linux-x64-gnu/-/binding-linux-x64-gnu-1.0.0-rc.6.tgz#c59a835f5f4f5ffd937ea4466862d522c5da4928"
  integrity sha512-IBwXsf56o3xhzAyaZxdM1CX8UFiBEUFCjiVUgny67Q8vPIqkjzJj0YKhd3TbBHanuxThgBa59f6Pgutg2OGk5A==

"@rolldown/binding-linux-x64-musl@1.0.0-rc.6":
  version "1.0.0-rc.6"
  resolved "https://registry.yarnpkg.com/@rolldown/binding-linux-x64-musl/-/binding-linux-x64-musl-1.0.0-rc.6.tgz#1ea2a7c58f5ed50b3d35142935f6a0234c1d007b"
  integrity sha512-vOk7G8V9Zm+8a6PL6JTpCea61q491oYlGtO6CvnsbhNLlKdf0bbCPytFzGQhYmCKZDKkEbmnkcIprTEGCURnwg==

"@rolldown/binding-openharmony-arm64@1.0.0-rc.6":
  version "1.0.0-rc.6"
  resolved "https://registry.yarnpkg.com/@rolldown/binding-openharmony-arm64/-/binding-openharmony-arm64-1.0.0-rc.6.tgz#8ffe37a43e9218af46770784dfbc1cda9efffd97"
  integrity sha512-ASjEDI4MRv7XCQb2JVaBzfEYO98JKCGrAgoW6M03fJzH/ilCnC43Mb3ptB9q/lzsaahoJyIBoAGKAYEjUvpyvQ==

"@rolldown/binding-wasm32-wasi@1.0.0-rc.6":
  version "1.0.0-rc.6"
  resolved "https://registry.yarnpkg.com/@rolldown/binding-wasm32-wasi/-/binding-wasm32-wasi-1.0.0-rc.6.tgz#e822081ac37a98c2f63e8a9f65432361a0ac185a"
  integrity sha512-mYa1+h2l6Zc0LvmwUh0oXKKYihnw/1WC73vTqw+IgtfEtv47A+rWzzcWwVDkW73+UDr0d/Ie/HRXoaOY22pQDw==
  dependencies:
    "@napi-rs/wasm-runtime" "^1.1.1"

"@rolldown/binding-win32-arm64-msvc@1.0.0-rc.6":
  version "1.0.0-rc.6"
  resolved "https://registry.yarnpkg.com/@rolldown/binding-win32-arm64-msvc/-/binding-win32-arm64-msvc-1.0.0-rc.6.tgz#f7e8455f618505f28e763c8e73213d61eeba2b7f"
  integrity sha512-e2ABskbNH3MRUBMjgxaMjYIw11DSwjLJxBII3UgpF6WClGLIh8A20kamc+FKH5vIaFVnYQInmcLYSUVpqMPLow==

"@rolldown/binding-win32-x64-msvc@1.0.0-rc.6":
  version "1.0.0-rc.6"
  resolved "https://registry.yarnpkg.com/@rolldown/binding-win32-x64-msvc/-/binding-win32-x64-msvc-1.0.0-rc.6.tgz#5100c0a269f5a557cab7011951b48709c6216fa9"
  integrity sha512-dJVc3ifhaRXxIEh1xowLohzFrlQXkJ66LepHm+CmSprTWgVrPa8Fx3OL57xwIqDEH9hufcKkDX2v65rS3NZyRA==

"@rolldown/pluginutils@1.0.0-rc.2":
  version "1.0.0-rc.2"
  resolved "https://registry.yarnpkg.com/@rolldown/pluginutils/-/pluginutils-1.0.0-rc.2.tgz#10324e74cb3396cb7b616042ea7e9e6aa7d8d458"
  integrity sha512-izyXV/v+cHiRfozX62W9htOAvwMo4/bXKDrQ+vom1L1qRuexPock/7VZDAhnpHCLNejd3NJ6hiab+tO0D44Rgw==

"@rolldown/pluginutils@1.0.0-rc.6":
  version "1.0.0-rc.6"
  resolved "https://registry.yarnpkg.com/@rolldown/pluginutils/-/pluginutils-1.0.0-rc.6.tgz#2f729fcf2d68c2d8cc2dcb05a7c3b2eeadfe20e1"
  integrity sha512-Y0+JT8Mi1mmW08K6HieG315XNRu4L0rkfCpA364HtytjgiqYnMYRdFPcxRl+BQQqNXzecL2S9nii+RUpO93XIA==

"@tybys/wasm-util@^0.10.1":
  version "0.10.1"
  resolved "https://registry.yarnpkg.com/@tybys/wasm-util/-/wasm-util-0.10.1.tgz#ecddd3205cf1e2d5274649ff0eedd2991ed7f414"
  integrity sha512-9tTaPJLSiejZKx+Bmog4uSubteqTvFrVrURwkmHixBo0G4seD0zUxp98E1DzUBJxLQ3NPwXrGKDiVjwx/DpPsg==
  dependencies:
    tslib "^2.4.0"

"@types/hammerjs@^2.0.36":
  version "2.0.46"
  resolved "https://registry.yarnpkg.com/@types/hammerjs/-/hammerjs-2.0.46.tgz#381daaca1360ff8a7c8dff63f32e69745b9fb1e1"
  integrity sha512-ynRvcq6wvqexJ9brDMS4BnBLzmr0e14d6ZJTEShTBWKymQiHwlAyGu0ZPEFI2Fh1U53F7tN9ufClWM5KvqkKOw==

"@types/trusted-types@^2.0.7":
  version "2.0.7"
  resolved "https://registry.yarnpkg.com/@types/trusted-types/-/trusted-types-2.0.7.tgz#baccb07a970b91707df3a3e8ba6896c57ead2d11"
  integrity sha512-ScaPdn1dQczgbl0QFTeTOmVHFULt394XJgOQNoyVhZ6r2vLnMLJfBPd53SB52T/3G36VI1/g2MZaX0cwDuXsfw==

"@vitejs/plugin-vue@^6.0.3":
  version "6.0.4"
  resolved "https://registry.yarnpkg.com/@vitejs/plugin-vue/-/plugin-vue-6.0.4.tgz#f571fe5aeb0be511e3bfdd43844d8eaa0738b28e"
  integrity sha512-uM5iXipgYIn13UUQCZNdWkYk+sysBeA97d5mHsAoAt1u/wpN3+zxOmsVJWosuzX+IMGRzeYUNytztrYznboIkQ==
  dependencies:
    "@rolldown/pluginutils" "1.0.0-rc.2"

"@vue-macros/common@^3.1.1":
  version "3.1.2"
  resolved "https://registry.yarnpkg.com/@vue-macros/common/-/common-3.1.2.tgz#6b5f71ea219732fc955fdcfb15a95a417b87a0fe"
  integrity sha512-h9t4ArDdniO9ekYHAD95t9AZcAbb19lEGK+26iAjUODOIJKmObDNBSe4+6ELQAA3vtYiFPPBtHh7+cQCKi3Dng==
  dependencies:
    "@vue/compiler-sfc" "^3.5.22"
    ast-kit "^2.1.2"
    local-pkg "^1.1.2"
    magic-string-ast "^1.0.2"
    unplugin-utils "^0.3.0"

"@vue/compiler-core@3.5.29":
  version "3.5.29"
  resolved "https://registry.yarnpkg.com/@vue/compiler-core/-/compiler-core-3.5.29.tgz#3fb70630c62a2e715eeddc3c2a48f46aa4507adc"
  integrity sha512-cuzPhD8fwRHk8IGfmYaR4eEe4cAyJEL66Ove/WZL7yWNL134nqLddSLwNRIsFlnnW1kK+p8Ck3viFnC0chXCXw==
  dependencies:
    "@babel/parser" "^7.29.0"
    "@vue/shared" "3.5.29"
    entities "^7.0.1"
    estree-walker "^2.0.2"
    source-map-js "^1.2.1"

"@vue/compiler-dom@3.5.29":
  version "3.5.29"
  resolved "https://registry.yarnpkg.com/@vue/compiler-dom/-/compiler-dom-3.5.29.tgz#055cf5492005249591c7fb45868a874468e4ffb3"
  integrity sha512-n0G5o7R3uBVmVxjTIYcz7ovr8sy7QObFG8OQJ3xGCDNhbG60biP/P5KnyY8NLd81OuT1WJflG7N4KWYHaeeaIg==
  dependencies:
    "@vue/compiler-core" "3.5.29"
    "@vue/shared" "3.5.29"

"@vue/compiler-sfc@3.5.29", "@vue/compiler-sfc@^3.5.22":
  version "3.5.29"
  resolved "https://registry.yarnpkg.com/@vue/compiler-sfc/-/compiler-sfc-3.5.29.tgz#8b1b0707fb53c122fedd566244a564eaf40ee71f"
  integrity sha512-oJZhN5XJs35Gzr50E82jg2cYdZQ78wEwvRO6Y63TvLVTc+6xICzJHP1UIecdSPPYIbkautNBanDiWYa64QSFIA==
  dependencies:
    "@babel/parser" "^7.29.0"
    "@vue/compiler-core" "3.5.29"
    "@vue/compiler-dom" "3.5.29"
    "@vue/compiler-ssr" "3.5.29"
    "@vue/shared" "3.5.29"
    estree-walker "^2.0.2"
    magic-string "^0.30.21"
    postcss "^8.5.6"
    source-map-js "^1.2.1"

"@vue/compiler-ssr@3.5.29":
  version "3.5.29"
  resolved "https://registry.yarnpkg.com/@vue/compiler-ssr/-/compiler-ssr-3.5.29.tgz#83ac28c860271bd1c9822d135ac78c388403f949"
  integrity sha512-Y/ARJZE6fpjzL5GH/phJmsFwx3g6t2KmHKHx5q+MLl2kencADKIrhH5MLF6HHpRMmlRAYBRSvv347Mepf1zVNw==
  dependencies:
    "@vue/compiler-dom" "3.5.29"
    "@vue/shared" "3.5.29"

"@vue/devtools-api@^7.7.7":
  version "7.7.9"
  resolved "https://registry.yarnpkg.com/@vue/devtools-api/-/devtools-api-7.7.9.tgz#999dbea50da6b00cf59a1336f11fdc2b43d9e063"
  integrity sha512-kIE8wvwlcZ6TJTbNeU2HQNtaxLx3a84aotTITUuL/4bzfPxzajGBOoqjMhwZJ8L9qFYDU/lAYMEEm11dnZOD6g==
  dependencies:
    "@vue/devtools-kit" "^7.7.9"

"@vue/devtools-api@^8.0.6":
  version "8.0.7"
  resolved "https://registry.yarnpkg.com/@vue/devtools-api/-/devtools-api-8.0.7.tgz#1b3ea34572eaeadc9a6d3302604efcb15d77302d"
  integrity sha512-tc1TXAxclsn55JblLkFVcIRG7MeSJC4fWsPjfM7qu/IcmPUYnQ5Q8vzWwBpyDY24ZjmZTUCCwjRSNbx58IhlAA==
  dependencies:
    "@vue/devtools-kit" "^8.0.7"

"@vue/devtools-kit@^7.7.9":
  version "7.7.9"
  resolved "https://registry.yarnpkg.com/@vue/devtools-kit/-/devtools-kit-7.7.9.tgz#bc218a815616e8987df7ab3e10fc1fb3b8706c58"
  integrity sha512-PyQ6odHSgiDVd4hnTP+aDk2X4gl2HmLDfiyEnn3/oV+ckFDuswRs4IbBT7vacMuGdwY/XemxBoh302ctbsptuA==
  dependencies:
    "@vue/devtools-shared" "^7.7.9"
    birpc "^2.3.0"
    hookable "^5.5.3"
    mitt "^3.0.1"
    perfect-debounce "^1.0.0"
    speakingurl "^14.0.1"
    superjson "^2.2.2"

"@vue/devtools-kit@^8.0.7":
  version "8.0.7"
  resolved "https://registry.yarnpkg.com/@vue/devtools-kit/-/devtools-kit-8.0.7.tgz#bb8d4b838f10a25dec8eb728b4a3bd560bf05e55"
  integrity sha512-H6esJGHGl5q0E9iV3m2EoBQHJ+V83WMW83A0/+Fn95eZ2iIvdsq4+UCS6yT/Fdd4cGZSchx/MdWDreM3WqMsDw==
  dependencies:
    "@vue/devtools-shared" "^8.0.7"
    birpc "^2.6.1"
    hookable "^5.5.3"
    perfect-debounce "^2.0.0"

"@vue/devtools-shared@^7.7.9":
  version "7.7.9"
  resolved "https://registry.yarnpkg.com/@vue/devtools-shared/-/devtools-shared-7.7.9.tgz#fa4c096b744927081a7dda5fcf05f34b1ae6ca14"
  integrity sha512-iWAb0v2WYf0QWmxCGy0seZNDPdO3Sp5+u78ORnyeonS6MT4PC7VPrryX2BpMJrwlDeaZ6BD4vP4XKjK0SZqaeA==
  dependencies:
    rfdc "^1.4.1"

"@vue/devtools-shared@^8.0.7":
  version "8.0.7"
  resolved "https://registry.yarnpkg.com/@vue/devtools-shared/-/devtools-shared-8.0.7.tgz#a33086022ea28f04e22e0fd3083b256c205f9f2d"
  integrity sha512-CgAb9oJH5NUmbQRdYDj/1zMiaICYSLtm+B1kxcP72LBrifGAjUmt8bx52dDH1gWRPlQgxGPqpAMKavzVirAEhA==

"@vue/reactivity@3.5.29":
  version "3.5.29"
  resolved "https://registry.yarnpkg.com/@vue/reactivity/-/reactivity-3.5.29.tgz#68fbaedcc2584328060edceedc4d4370b49c9fab"
  integrity sha512-zcrANcrRdcLtmGZETBxWqIkoQei8HaFpZWx/GHKxx79JZsiZ8j1du0VUJtu4eJjgFvU/iKL5lRXFXksVmI+5DA==
  dependencies:
    "@vue/shared" "3.5.29"

"@vue/runtime-core@3.5.29":
  version "3.5.29"
  resolved "https://registry.yarnpkg.com/@vue/runtime-core/-/runtime-core-3.5.29.tgz#fbd34110aa47e74a22fe430734018bec56913b40"
  integrity sha512-8DpW2QfdwIWOLqtsNcds4s+QgwSaHSJY/SUe04LptianUQ/0xi6KVsu/pYVh+HO3NTVvVJjIPL2t6GdeKbS4Lg==
  dependencies:
    "@vue/reactivity" "3.5.29"
    "@vue/shared" "3.5.29"

"@vue/runtime-dom@3.5.29":
  version "3.5.29"
  resolved "https://registry.yarnpkg.com/@vue/runtime-dom/-/runtime-dom-3.5.29.tgz#4eb686b22178f13c262ea1d0d7171a3134ced21f"
  integrity sha512-AHvvJEtcY9tw/uk+s/YRLSlxxQnqnAkjqvK25ZiM4CllCZWzElRAoQnCM42m9AHRLNJ6oe2kC5DCgD4AUdlvXg==
  dependencies:
    "@vue/reactivity" "3.5.29"
    "@vue/runtime-core" "3.5.29"
    "@vue/shared" "3.5.29"
    csstype "^3.2.3"

"@vue/server-renderer@3.5.29":
  version "3.5.29"
  resolved "https://registry.yarnpkg.com/@vue/server-renderer/-/server-renderer-3.5.29.tgz#9cbcbf676b2976fbb8171d5de79501894ba84cad"
  integrity sha512-G/1k6WK5MusLlbxSE2YTcqAAezS+VuwHhOvLx2KnQU7G2zCH6KIb+5Wyt6UjMq7a3qPzNEjJXs1hvAxDclQH+g==
  dependencies:
    "@vue/compiler-ssr" "3.5.29"
    "@vue/shared" "3.5.29"

"@vue/shared@3.5.29":
  version "3.5.29"
  resolved "https://registry.yarnpkg.com/@vue/shared/-/shared-3.5.29.tgz#0fe0d7637b05599d56ca58d83a77c637a1774110"
  integrity sha512-w7SR0A5zyRByL9XUkCfdLs7t9XOHUyJ67qPGQjOou3p6GvBeBW+AVjUUmlxtZ4PIYaRvE+1LmK44O4uajlZwcg==

acorn@^8.16.0:
  version "8.16.0"
  resolved "https://registry.yarnpkg.com/acorn/-/acorn-8.16.0.tgz#4ce79c89be40afe7afe8f3adb902a1f1ce9ac08a"
  integrity sha512-UVJyE9MttOsBQIDKw1skb9nAwQuR5wuGD3+82K6JgJlm/Y+KI92oNsMNGZCYdDsVtRHSak0pcV5Dno5+4jh9sw==

ast-kit@^2.1.2, ast-kit@^2.1.3:
  version "2.2.0"
  resolved "https://registry.yarnpkg.com/ast-kit/-/ast-kit-2.2.0.tgz#6d9a298acefef5bdfc5a0fa51d94d1334ef2e671"
  integrity sha512-m1Q/RaVOnTp9JxPX+F+Zn7IcLYMzM8kZofDImfsKZd8MbR+ikdOzTeztStWqfrqIxZnYWryyI9ePm3NGjnZgGw==
  dependencies:
    "@babel/parser" "^7.28.5"
    pathe "^2.0.3"

ast-walker-scope@^0.8.3:
  version "0.8.3"
  resolved "https://registry.yarnpkg.com/ast-walker-scope/-/ast-walker-scope-0.8.3.tgz#f516c42669f3b77e1473a78e5e9d3c5b2e7c1e8e"
  integrity sha512-cbdCP0PGOBq0ASG+sjnKIoYkWMKhhz+F/h9pRexUdX2Hd38+WOlBkRKlqkGOSm0YQpcFMQBJeK4WspUAkwsEdg==
  dependencies:
    "@babel/parser" "^7.28.4"
    ast-kit "^2.1.3"

birpc@^2.3.0, birpc@^2.6.1:
  version "2.9.0"
  resolved "https://registry.yarnpkg.com/birpc/-/birpc-2.9.0.tgz#b59550897e4cd96a223e2a6c1475b572236ed145"
  integrity sha512-KrayHS5pBi69Xi9JmvoqrIgYGDkD6mcSe/i6YKi3w5kekCLzrX4+nawcXqrj2tIp50Kw/mT/s3p+GVK0A0sKxw==

chokidar@^5.0.0:
  version "5.0.0"
  resolved "https://registry.yarnpkg.com/chokidar/-/chokidar-5.0.0.tgz#949c126a9238a80792be9a0265934f098af369a5"
  integrity sha512-TQMmc3w+5AxjpL8iIiwebF73dRDF4fBIieAqGn9RGCWaEVwQ6Fb2cGe31Yns0RRIzii5goJ1Y7xbMwo1TxMplw==
  dependencies:
    readdirp "^5.0.0"

component-emitter@^2.0.0:
  version "2.0.0"
  resolved "https://registry.yarnpkg.com/component-emitter/-/component-emitter-2.0.0.tgz#3a137dfe66fcf2efe3eab7cb7d5f51741b3620c6"
  integrity sha512-4m5s3Me2xxlVKG9PkZpQqHQR7bgpnN7joDMJ4yvVkVXngjoITG76IaZmzmywSeRTeTpc6N6r3H3+KyUurV8OYw==

confbox@^0.1.8:
  version "0.1.8"
  resolved "https://registry.yarnpkg.com/confbox/-/confbox-0.1.8.tgz#820d73d3b3c82d9bd910652c5d4d599ef8ff8b06"
  integrity sha512-RMtmw0iFkeR4YV+fUOSucriAQNb9g8zFR52MWCtl+cCZOFRNL6zeB395vPzFhEjjn4fMxXudmELnl/KF/WrK6w==

confbox@^0.2.2:
  version "0.2.4"
  resolved "https://registry.yarnpkg.com/confbox/-/confbox-0.2.4.tgz#592e7be71f882a4a874e3c88f0ac1ef6f7da1ce5"
  integrity sha512-ysOGlgTFbN2/Y6Cg3Iye8YKulHw+R2fNXHrgSmXISQdMnomY6eNDprVdW9R5xBguEqI954+S6709UyiO7B+6OQ==

copy-anything@^4:
  version "4.0.5"
  resolved "https://registry.yarnpkg.com/copy-anything/-/copy-anything-4.0.5.tgz#16cabafd1ea4bb327a540b750f2b4df522825aea"
  integrity sha512-7Vv6asjS4gMOuILabD3l739tsaxFQmC+a7pLZm02zyvs8p977bL3zEgq3yDk5rn9B0PbYgIv++jmHcuUab4RhA==
  dependencies:
    is-what "^5.2.0"

csstype@^3.2.3:
  version "3.2.3"
  resolved "https://registry.yarnpkg.com/csstype/-/csstype-3.2.3.tgz#ec48c0f3e993e50648c86da559e2610995cf989a"
  integrity sha512-z1HGKcYy2xA8AGQfwrn0PAy+PB7X/GSj3UVJW9qKyn43xWa+gl5nXmU4qqLMRzWVLFC8KusUX8T/0kCiOYpAIQ==

detect-libc@^2.0.3:
  version "2.1.2"
  resolved "https://registry.yarnpkg.com/detect-libc/-/detect-libc-2.1.2.tgz#689c5dcdc1900ef5583a4cb9f6d7b473742074ad"
  integrity sha512-Btj2BOOO83o3WyH59e8MgXsxEQVcarkUOpEYrubB0urwnN10yQ364rsiByU11nZlqWYZm05i/of7io4mzihBtQ==

dompurify@^3.3.3:
  version "3.3.3"
  resolved "https://registry.yarnpkg.com/dompurify/-/dompurify-3.3.3.tgz#680cae8af3e61320ddf3666a3bc843f7b291b2b6"
  integrity sha512-Oj6pzI2+RqBfFG+qOaOLbFXLQ90ARpcGG6UePL82bJLtdsa6CYJD7nmiU8MW9nQNOtCHV3lZ/Bzq1X0QYbBZCA==
  optionalDependencies:
    "@types/trusted-types" "^2.0.7"

echarts@^6.0.0:
  version "6.0.0"
  resolved "https://registry.yarnpkg.com/echarts/-/echarts-6.0.0.tgz#2935aa7751c282d1abbbf7d719d397199a15b9e7"
  integrity sha512-Tte/grDQRiETQP4xz3iZWSvoHrkCQtwqd6hs+mifXcjrCuo2iKWbajFObuLJVBlDIJlOzgQPd1hsaKt/3+OMkQ==
  dependencies:
    tslib "2.3.0"
    zrender "6.0.0"

entities@^7.0.1:
  version "7.0.1"
  resolved "https://registry.yarnpkg.com/entities/-/entities-7.0.1.tgz#26e8a88889db63417dcb9a1e79a3f1bc92b5976b"
  integrity sha512-TWrgLOFUQTH994YUyl1yT4uyavY5nNB5muff+RtWaqNVCAK408b5ZnnbNAUEWLTCpum9w6arT70i1XdQ4UeOPA==

estree-walker@^2.0.2:
  version "2.0.2"
  resolved "https://registry.yarnpkg.com/estree-walker/-/estree-walker-2.0.2.tgz#52f010178c2a4c117a7757cfe942adb7d2da4cac"
  integrity sha512-Rfkk/Mp/DL7JVje3u18FxFujQlTNR2q6QfMSMB7AvCBx91NGj/ba3kCfza0f6dVDbw7YlRf/nDrn7pQrCCyQ/w==

exsolve@^1.0.7:
  version "1.0.8"
  resolved "https://registry.yarnpkg.com/exsolve/-/exsolve-1.0.8.tgz#7f5e34da61cd1116deda5136e62292c096f50613"
  integrity sha512-LmDxfWXwcTArk8fUEnOfSZpHOJ6zOMUJKOtFLFqJLoKJetuQG874Uc7/Kki7zFLzYybmZhp1M7+98pfMqeX8yA==

fdir@^6.5.0:
  version "6.5.0"
  resolved "https://registry.yarnpkg.com/fdir/-/fdir-6.5.0.tgz#ed2ab967a331ade62f18d077dae192684d50d350"
  integrity sha512-tIbYtZbucOs0BRGqPJkshJUYdL+SDH7dVM8gjy+ERp3WAUjLEFJE+02kanyHtwjWOnwrKYBiwAmM0p4kLJAnXg==

fsevents@~2.3.3:
  version "2.3.3"
  resolved "https://registry.yarnpkg.com/fsevents/-/fsevents-2.3.3.tgz#cac6407785d03675a2a5e1a5305c697b347d90d6"
  integrity sha512-5xoDfX+fL7faATnagmWPpbFtwh/R77WmMMqqHGS65C3vvB0YHrgF+B1YmZ3441tMj5n63k0212XNoJwzlhffQw==

hookable@^5.5.3:
  version "5.5.3"
  resolved "https://registry.yarnpkg.com/hookable/-/hookable-5.5.3.tgz#6cfc358984a1ef991e2518cb9ed4a778bbd3215d"
  integrity sha512-Yc+BQe8SvoXH1643Qez1zqLRmbA5rCL+sSmk6TVos0LWVfNIB7PGncdlId77WzLGSIB5KaWgTaNTs2lNVEI6VQ==

is-what@^5.2.0:
  version "5.5.0"
  resolved "https://registry.yarnpkg.com/is-what/-/is-what-5.5.0.tgz#a3031815757cfe1f03fed990bf6355a2d3f628c4"
  integrity sha512-oG7cgbmg5kLYae2N5IVd3jm2s+vldjxJzK1pcu9LfpGuQ93MQSzo0okvRna+7y5ifrD+20FE8FvjusyGaz14fw==

jsesc@^3.0.2:
  version "3.1.0"
  resolved "https://registry.yarnpkg.com/jsesc/-/jsesc-3.1.0.tgz#74d335a234f67ed19907fdadfac7ccf9d409825d"
  integrity sha512-/sM3dO2FOzXjKQhJuo0Q173wf2KOo8t4I8vHy6lF9poUp7bKT0/NHE8fPX23PwfhnykfqnC2xRxOnVw5XuGIaA==

json5@^2.2.3:
  version "2.2.3"
  resolved "https://registry.yarnpkg.com/json5/-/json5-2.2.3.tgz#78cd6f1a19bdc12b73db5ad0c61efd66c1e29283"
  integrity sha512-XmOWe7eyHYH14cLdVPoyg+GOH3rYX++KpzrylJwSW98t3Nk+U8XOl8FWKOgwtzdb8lXGf6zYwDUzeHMWfxasyg==

keycharm@^0.4.0:
  version "0.4.0"
  resolved "https://registry.yarnpkg.com/keycharm/-/keycharm-0.4.0.tgz#8d684ea9cc01379a07fbddee33ff32d97f5ae2a7"
  integrity sha512-TyQTtsabOVv3MeOpR92sIKk/br9wxS+zGj4BG7CR8YbK4jM3tyIBaF0zhzeBUMx36/Q/iQLOKKOT+3jOQtemRQ==

leaflet@^1.9.4:
  version "1.9.4"
  resolved "https://registry.yarnpkg.com/leaflet/-/leaflet-1.9.4.tgz#23fae724e282fa25745aff82ca4d394748db7d8d"
  integrity sha512-nxS1ynzJOmOlHp+iL3FyWqK89GtNL8U8rvlMOsQdTTssxZwCXh8N2NB3GDQOL+YR3XnWyZAxwQixURb+FA74PA==

lightningcss-android-arm64@1.31.1:
  version "1.31.1"
  resolved "https://registry.yarnpkg.com/lightningcss-android-arm64/-/lightningcss-android-arm64-1.31.1.tgz#609ff48332adff452a8157a7c2842fd692a8eac4"
  integrity sha512-HXJF3x8w9nQ4jbXRiNppBCqeZPIAfUo8zE/kOEGbW5NZvGc/K7nMxbhIr+YlFlHW5mpbg/YFPdbnCh1wAXCKFg==

lightningcss-darwin-arm64@1.31.1:
  version "1.31.1"
  resolved "https://registry.yarnpkg.com/lightningcss-darwin-arm64/-/lightningcss-darwin-arm64-1.31.1.tgz#a13da040a7929582bab3ace9a67bdc146e99fc2d"
  integrity sha512-02uTEqf3vIfNMq3h/z2cJfcOXnQ0GRwQrkmPafhueLb2h7mqEidiCzkE4gBMEH65abHRiQvhdcQ+aP0D0g67sg==

lightningcss-darwin-x64@1.31.1:
  version "1.31.1"
  resolved "https://registry.yarnpkg.com/lightningcss-darwin-x64/-/lightningcss-darwin-x64-1.31.1.tgz#f7482c311273571ec0c2bd8277c1f5f6e90e03a4"
  integrity sha512-1ObhyoCY+tGxtsz1lSx5NXCj3nirk0Y0kB/g8B8DT+sSx4G9djitg9ejFnjb3gJNWo7qXH4DIy2SUHvpoFwfTA==

lightningcss-freebsd-x64@1.31.1:
  version "1.31.1"
  resolved "https://registry.yarnpkg.com/lightningcss-freebsd-x64/-/lightningcss-freebsd-x64-1.31.1.tgz#91df1bb290f1cb7bb2af832d7d0d8809225e0124"
  integrity sha512-1RINmQKAItO6ISxYgPwszQE1BrsVU5aB45ho6O42mu96UiZBxEXsuQ7cJW4zs4CEodPUioj/QrXW1r9pLUM74A==

lightningcss-linux-arm-gnueabihf@1.31.1:
  version "1.31.1"
  resolved "https://registry.yarnpkg.com/lightningcss-linux-arm-gnueabihf/-/lightningcss-linux-arm-gnueabihf-1.31.1.tgz#c3cad5ae8b70045f21600dc95295ab6166acf57e"
  integrity sha512-OOCm2//MZJ87CdDK62rZIu+aw9gBv4azMJuA8/KB74wmfS3lnC4yoPHm0uXZ/dvNNHmnZnB8XLAZzObeG0nS1g==

lightningcss-linux-arm64-gnu@1.31.1:
  version "1.31.1"
  resolved "https://registry.yarnpkg.com/lightningcss-linux-arm64-gnu/-/lightningcss-linux-arm64-gnu-1.31.1.tgz#a5c4f6a5ac77447093f61b209c0bd7fef1f0a3e3"
  integrity sha512-WKyLWztD71rTnou4xAD5kQT+982wvca7E6QoLpoawZ1gP9JM0GJj4Tp5jMUh9B3AitHbRZ2/H3W5xQmdEOUlLg==

lightningcss-linux-arm64-musl@1.31.1:
  version "1.31.1"
  resolved "https://registry.yarnpkg.com/lightningcss-linux-arm64-musl/-/lightningcss-linux-arm64-musl-1.31.1.tgz#af26ab8f829b727ada0a200938a6c8796ff36900"
  integrity sha512-mVZ7Pg2zIbe3XlNbZJdjs86YViQFoJSpc41CbVmKBPiGmC4YrfeOyz65ms2qpAobVd7WQsbW4PdsSJEMymyIMg==

lightningcss-linux-x64-gnu@1.31.1:
  version "1.31.1"
  resolved "https://registry.yarnpkg.com/lightningcss-linux-x64-gnu/-/lightningcss-linux-x64-gnu-1.31.1.tgz#a891d44e84b71c0d88959feb9a7522bbf61450ee"
  integrity sha512-xGlFWRMl+0KvUhgySdIaReQdB4FNudfUTARn7q0hh/V67PVGCs3ADFjw+6++kG1RNd0zdGRlEKa+T13/tQjPMA==

lightningcss-linux-x64-musl@1.31.1:
  version "1.31.1"
  resolved "https://registry.yarnpkg.com/lightningcss-linux-x64-musl/-/lightningcss-linux-x64-musl-1.31.1.tgz#8c8b21def851f4d477fa897b80cb3db2b650bc6e"
  integrity sha512-eowF8PrKHw9LpoZii5tdZwnBcYDxRw2rRCyvAXLi34iyeYfqCQNA9rmUM0ce62NlPhCvof1+9ivRaTY6pSKDaA==

lightningcss-win32-arm64-msvc@1.31.1:
  version "1.31.1"
  resolved "https://registry.yarnpkg.com/lightningcss-win32-arm64-msvc/-/lightningcss-win32-arm64-msvc-1.31.1.tgz#79000fb8c57e94a91b8fc643e74d5a54407d7080"
  integrity sha512-aJReEbSEQzx1uBlQizAOBSjcmr9dCdL3XuC/6HLXAxmtErsj2ICo5yYggg1qOODQMtnjNQv2UHb9NpOuFtYe4w==

lightningcss-win32-x64-msvc@1.31.1:
  version "1.31.1"
  resolved "https://registry.yarnpkg.com/lightningcss-win32-x64-msvc/-/lightningcss-win32-x64-msvc-1.31.1.tgz#7f025274c81c7d659829731e09c8b6f442209837"
  integrity sha512-I9aiFrbd7oYHwlnQDqr1Roz+fTz61oDDJX7n9tYF9FJymH1cIN1DtKw3iYt6b8WZgEjoNwVSncwF4wx/ZedMhw==

lightningcss@^1.31.1:
  version "1.31.1"
  resolved "https://registry.yarnpkg.com/lightningcss/-/lightningcss-1.31.1.tgz#1a19dd327b547a7eda1d5c296ebe1e72df5a184b"
  integrity sha512-l51N2r93WmGUye3WuFoN5k10zyvrVs0qfKBhyC5ogUQ6Ew6JUSswh78mbSO+IU3nTWsyOArqPCcShdQSadghBQ==
  dependencies:
    detect-libc "^2.0.3"
  optionalDependencies:
    lightningcss-android-arm64 "1.31.1"
    lightningcss-darwin-arm64 "1.31.1"
    lightningcss-darwin-x64 "1.31.1"
    lightningcss-freebsd-x64 "1.31.1"
    lightningcss-linux-arm-gnueabihf "1.31.1"
    lightningcss-linux-arm64-gnu "1.31.1"
    lightningcss-linux-arm64-musl "1.31.1"
    lightningcss-linux-x64-gnu "1.31.1"
    lightningcss-linux-x64-musl "1.31.1"
    lightningcss-win32-arm64-msvc "1.31.1"
    lightningcss-win32-x64-msvc "1.31.1"

local-pkg@^1.1.2:
  version "1.1.2"
  resolved "https://registry.yarnpkg.com/local-pkg/-/local-pkg-1.1.2.tgz#c03d208787126445303f8161619dc701afa4abb5"
  integrity sha512-arhlxbFRmoQHl33a0Zkle/YWlmNwoyt6QNZEIJcqNbdrsix5Lvc4HyyI3EnwxTYlZYc32EbYrQ8SzEZ7dqgg9A==
  dependencies:
    mlly "^1.7.4"
    pkg-types "^2.3.0"
    quansync "^0.2.11"

magic-string-ast@^1.0.2:
  version "1.0.3"
  resolved "https://registry.yarnpkg.com/magic-string-ast/-/magic-string-ast-1.0.3.tgz#51ef7832fd5c70a0188fb94627caa3b8c74ff9bf"
  integrity sha512-CvkkH1i81zl7mmb94DsRiFeG9V2fR2JeuK8yDgS8oiZSFa++wWLEgZ5ufEOyLHbvSbD1gTRKv9NdX69Rnvr9JA==
  dependencies:
    magic-string "^0.30.19"

magic-string@^0.30.19, magic-string@^0.30.21:
  version "0.30.21"
  resolved "https://registry.yarnpkg.com/magic-string/-/magic-string-0.30.21.tgz#56763ec09a0fa8091df27879fd94d19078c00d91"
  integrity sha512-vd2F4YUyEXKGcLHoq+TEyCjxueSeHnFxyyjNp80yg0XV4vUhnDer/lvvlqM/arB5bXQN5K2/3oinyCRyx8T2CQ==
  dependencies:
    "@jridgewell/sourcemap-codec" "^1.5.5"

marked@^17.0.1:
  version "17.0.4"
  resolved "https://registry.yarnpkg.com/marked/-/marked-17.0.4.tgz#38293b06b0605db39107803f3398938bbbed1b28"
  integrity sha512-NOmVMM+KAokHMvjWmC5N/ZOvgmSWuqJB8FoYI019j4ogb/PeRMKoKIjReZ2w3376kkA8dSJIP8uD993Kxc0iRQ==

mitt@^3.0.1:
  version "3.0.1"
  resolved "https://registry.yarnpkg.com/mitt/-/mitt-3.0.1.tgz#ea36cf0cc30403601ae074c8f77b7092cdab36d1"
  integrity sha512-vKivATfr97l2/QBCYAkXYDbrIWPM2IIKEl7YPhjCvKlG3kE2gm+uBo6nEXK3M5/Ffh/FLpKExzOQ3JJoJGFKBw==

mlly@^1.7.4, mlly@^1.8.0:
  version "1.8.1"
  resolved "https://registry.yarnpkg.com/mlly/-/mlly-1.8.1.tgz#2ed89f4fbbbde26db9fcc86df5bfa3153cfacea1"
  integrity sha512-SnL6sNutTwRWWR/vcmCYHSADjiEesp5TGQQ0pXyLhW5IoeibRlF/CbSLailbB3CNqJUk9cVJ9dUDnbD7GrcHBQ==
  dependencies:
    acorn "^8.16.0"
    pathe "^2.0.3"
    pkg-types "^1.3.1"
    ufo "^1.6.3"

muggle-string@^0.4.1:
  version "0.4.1"
  resolved "https://registry.yarnpkg.com/muggle-string/-/muggle-string-0.4.1.tgz#3b366bd43b32f809dc20659534dd30e7c8a0d328"
  integrity sha512-VNTrAak/KhO2i8dqqnqnAHOa3cYBwXEZe9h+D5h/1ZqFSTEFHdM65lR7RoIqq3tBBYavsOXV84NoHXZ0AkPyqQ==

nanoid@^3.3.11:
  version "3.3.11"
  resolved "https://registry.yarnpkg.com/nanoid/-/nanoid-3.3.11.tgz#4f4f112cefbe303202f2199838128936266d185b"
  integrity sha512-N8SpfPUnUp1bK+PMYW8qSWdl9U+wwNWI4QKxOYDy9JAro3WMX7p2OeVRF9v+347pnakNevPmiHhNmZ2HbFA76w==

pathe@^2.0.1, pathe@^2.0.3:
  version "2.0.3"
  resolved "https://registry.yarnpkg.com/pathe/-/pathe-2.0.3.tgz#3ecbec55421685b70a9da872b2cff3e1cbed1716"
  integrity sha512-WUjGcAqP1gQacoQe+OBJsFA7Ld4DyXuUIjZ5cc75cLHvJ7dtNsTugphxIADwspS+AraAUePCKrSVtPLFj/F88w==

perfect-debounce@^1.0.0:
  version "1.0.0"
  resolved "https://registry.yarnpkg.com/perfect-debounce/-/perfect-debounce-1.0.0.tgz#9c2e8bc30b169cc984a58b7d5b28049839591d2a"
  integrity sha512-xCy9V055GLEqoFaHoC1SoLIaLmWctgCUaBaWxDZ7/Zx4CTyX7cJQLJOok/orfjZAh9kEYpjJa4d0KcJmCbctZA==

perfect-debounce@^2.0.0:
  version "2.1.0"
  resolved "https://registry.yarnpkg.com/perfect-debounce/-/perfect-debounce-2.1.0.tgz#e7078e38f231cb191855c3136a4423aef725d261"
  integrity sha512-LjgdTytVFXeUgtHZr9WYViYSM/g8MkcTPYDlPa3cDqMirHjKiSZPYd6DoL7pK8AJQr+uWkQvCjHNdiMqsrJs+g==

picocolors@^1.1.1:
  version "1.1.1"
  resolved "https://registry.yarnpkg.com/picocolors/-/picocolors-1.1.1.tgz#3d321af3eab939b083c8f929a1d12cda81c26b6b"
  integrity sha512-xceH2snhtb5M9liqDsmEw56le376mTZkEX/jEb/RxNFyegNul7eNslCXP9FDj/Lcu0X8KEyMceP2ntpaHrDEVA==

picomatch@^4.0.3:
  version "4.0.3"
  resolved "https://registry.yarnpkg.com/picomatch/-/picomatch-4.0.3.tgz#796c76136d1eead715db1e7bad785dedd695a042"
  integrity sha512-5gTmgEY/sqK6gFXLIsQNH19lWb4ebPDLA4SdLP7dsWkIXHWlG66oPuVvXSGFPppYZz8ZDZq0dYYrbHfBCVUb1Q==

pinia@^3.0.4:
  version "3.0.4"
  resolved "https://registry.yarnpkg.com/pinia/-/pinia-3.0.4.tgz#75dde12784a61e34c1fa6abcd13c1a1061c360c0"
  integrity sha512-l7pqLUFTI/+ESXn6k3nu30ZIzW5E2WZF/LaHJEpoq6ElcLD+wduZoB2kBN19du6K/4FDpPMazY2wJr+IndBtQw==
  dependencies:
    "@vue/devtools-api" "^7.7.7"

pkg-types@^1.3.1:
  version "1.3.1"
  resolved "https://registry.yarnpkg.com/pkg-types/-/pkg-types-1.3.1.tgz#bd7cc70881192777eef5326c19deb46e890917df"
  integrity sha512-/Jm5M4RvtBFVkKWRu2BLUTNP8/M2a+UwuAX+ae4770q1qVGtfjG+WTCupoZixokjmHiry8uI+dlY8KXYV5HVVQ==
  dependencies:
    confbox "^0.1.8"
    mlly "^1.7.4"
    pathe "^2.0.1"

pkg-types@^2.3.0:
  version "2.3.0"
  resolved "https://registry.yarnpkg.com/pkg-types/-/pkg-types-2.3.0.tgz#037f2c19bd5402966ff6810e32706558cb5b5726"
  integrity sha512-SIqCzDRg0s9npO5XQ3tNZioRY1uK06lA41ynBC1YmFTmnY6FjUjVt6s4LoADmwoig1qqD0oK8h1p/8mlMx8Oig==
  dependencies:
    confbox "^0.2.2"
    exsolve "^1.0.7"
    pathe "^2.0.3"

postcss@^8.5.6:
  version "8.5.8"
  resolved "https://registry.yarnpkg.com/postcss/-/postcss-8.5.8.tgz#6230ecc8fb02e7a0f6982e53990937857e13f399"
  integrity sha512-OW/rX8O/jXnm82Ey1k44pObPtdblfiuWnrd8X7GJ7emImCOstunGbXUpp7HdBrFQX6rJzn3sPT397Wp5aCwCHg==
  dependencies:
    nanoid "^3.3.11"
    picocolors "^1.1.1"
    source-map-js "^1.2.1"

primeicons@^7.0.0:
  version "7.0.0"
  resolved "https://registry.yarnpkg.com/primeicons/-/primeicons-7.0.0.tgz#6b25c3fdcb29bb745a3035bdc1ed5902f4a419cf"
  integrity sha512-jK3Et9UzwzTsd6tzl2RmwrVY/b8raJ3QZLzoDACj+oTJ0oX7L9Hy+XnVwgo4QVKlKpnP/Ur13SXV/pVh4LzaDw==

primevue@^4.5.4:
  version "4.5.4"
  resolved "https://registry.yarnpkg.com/primevue/-/primevue-4.5.4.tgz#ef96d1a5c8def9fd759b313c3e73646577911b5b"
  integrity sha512-nTyEohZABFJhVIpeUxgP0EJ8vKcJAhD+Z7DYj95e7ie/MNUCjRNcGjqmE1cXtXi4z54qDfTSI9h2uJ51qz2DIw==
  dependencies:
    "@primeuix/styled" "^0.7.4"
    "@primeuix/styles" "^2.0.2"
    "@primeuix/utils" "^0.6.2"
    "@primevue/core" "4.5.4"
    "@primevue/icons" "4.5.4"

quansync@^0.2.11:
  version "0.2.11"
  resolved "https://registry.yarnpkg.com/quansync/-/quansync-0.2.11.tgz#f9c3adda2e1272e4f8cf3f1457b04cbdb4ee692a"
  integrity sha512-AifT7QEbW9Nri4tAwR5M/uzpBuqfZf+zwaEM/QkzEjj7NBuFD2rBuy0K3dE+8wltbezDV7JMA0WfnCPYRSYbXA==

readdirp@^5.0.0:
  version "5.0.0"
  resolved "https://registry.yarnpkg.com/readdirp/-/readdirp-5.0.0.tgz#fbf1f71a727891d685bb1786f9ba74084f6e2f91"
  integrity sha512-9u/XQ1pvrQtYyMpZe7DXKv2p5CNvyVwzUB6uhLAnQwHMSgKMBR62lc7AHljaeteeHXn11XTAaLLUVZYVZyuRBQ==

rfdc@^1.4.1:
  version "1.4.1"
  resolved "https://registry.yarnpkg.com/rfdc/-/rfdc-1.4.1.tgz#778f76c4fb731d93414e8f925fbecf64cce7f6ca"
  integrity sha512-q1b3N5QkRUWUl7iyylaaj3kOpIT0N2i9MqIEQXP73GVsN9cw3fdx8X63cEmWhJGi2PPCF23Ijp7ktmd39rawIA==

rolldown@1.0.0-rc.6:
  version "1.0.0-rc.6"
  resolved "https://registry.yarnpkg.com/rolldown/-/rolldown-1.0.0-rc.6.tgz#fc2209fde9a0947fedd78647af50d2262332e977"
  integrity sha512-B8vFPV1ADyegoYfhg+E7RAucYKv0xdVlwYYsIJgfPNeiSxZGWNxts9RqhyGzC11ULK/VaeXyKezGCwpMiH8Ktw==
  dependencies:
    "@oxc-project/types" "=0.115.0"
    "@rolldown/pluginutils" "1.0.0-rc.6"
  optionalDependencies:
    "@rolldown/binding-android-arm64" "1.0.0-rc.6"
    "@rolldown/binding-darwin-arm64" "1.0.0-rc.6"
    "@rolldown/binding-darwin-x64" "1.0.0-rc.6"
    "@rolldown/binding-freebsd-x64" "1.0.0-rc.6"
    "@rolldown/binding-linux-arm-gnueabihf" "1.0.0-rc.6"
    "@rolldown/binding-linux-arm64-gnu" "1.0.0-rc.6"
    "@rolldown/binding-linux-arm64-musl" "1.0.0-rc.6"
    "@rolldown/binding-linux-x64-gnu" "1.0.0-rc.6"
    "@rolldown/binding-linux-x64-musl" "1.0.0-rc.6"
    "@rolldown/binding-openharmony-arm64" "1.0.0-rc.6"
    "@rolldown/binding-wasm32-wasi" "1.0.0-rc.6"
    "@rolldown/binding-win32-arm64-msvc" "1.0.0-rc.6"
    "@rolldown/binding-win32-x64-msvc" "1.0.0-rc.6"

scule@^1.3.0:
  version "1.3.0"
  resolved "https://registry.yarnpkg.com/scule/-/scule-1.3.0.tgz#6efbd22fd0bb801bdcc585c89266a7d2daa8fbd3"
  integrity sha512-6FtHJEvt+pVMIB9IBY+IcCJ6Z5f1iQnytgyfKMhDKgmzYG+TeH/wx1y3l27rshSbLiSanrR9ffZDrEsmjlQF2g==

source-map-js@^1.2.1:
  version "1.2.1"
  resolved "https://registry.yarnpkg.com/source-map-js/-/source-map-js-1.2.1.tgz#1ce5650fddd87abc099eda37dcff024c2667ae46"
  integrity sha512-UXWMKhLOwVKb728IUtQPXxfYU+usdybtUrK/8uGE8CQMvrhOpwvzDBwj0QhSL7MQc7vIsISBG8VQ8+IDQxpfQA==

speakingurl@^14.0.1:
  version "14.0.1"
  resolved "https://registry.yarnpkg.com/speakingurl/-/speakingurl-14.0.1.tgz#f37ec8ddc4ab98e9600c1c9ec324a8c48d772a53"
  integrity sha512-1POYv7uv2gXoyGFpBCmpDVSNV74IfsWlDW216UPjbWufNf+bSU6GdbDsxdcxtfwb4xlI3yxzOTKClUosxARYrQ==

superjson@^2.2.2:
  version "2.2.6"
  resolved "https://registry.yarnpkg.com/superjson/-/superjson-2.2.6.tgz#a223a3a988172a5f9656e2063fe5f733af40d099"
  integrity sha512-H+ue8Zo4vJmV2nRjpx86P35lzwDT3nItnIsocgumgr0hHMQ+ZGq5vrERg9kJBo5AWGmxZDhzDo+WVIJqkB0cGA==
  dependencies:
    copy-anything "^4"

tinyglobby@^0.2.15:
  version "0.2.15"
  resolved "https://registry.yarnpkg.com/tinyglobby/-/tinyglobby-0.2.15.tgz#e228dd1e638cea993d2fdb4fcd2d4602a79951c2"
  integrity sha512-j2Zq4NyQYG5XMST4cbs02Ak8iJUdxRM0XI5QyxXuZOzKOINmWurp3smXu3y5wDcJrptwpSjgXHzIQxR0omXljQ==
  dependencies:
    fdir "^6.5.0"
    picomatch "^4.0.3"

tslib@2.3.0:
  version "2.3.0"
  resolved "https://registry.yarnpkg.com/tslib/-/tslib-2.3.0.tgz#803b8cdab3e12ba581a4ca41c8839bbb0dacb09e"
  integrity sha512-N82ooyxVNm6h1riLCoyS9e3fuJ3AMG2zIZs2Gd1ATcSFjSA23Q0fzjjZeh0jbJvWVDZ0cJT8yaNNaaXHzueNjg==

tslib@^2.4.0:
  version "2.8.1"
  resolved "https://registry.yarnpkg.com/tslib/-/tslib-2.8.1.tgz#612efe4ed235d567e8aba5f2a5fab70280ade83f"
  integrity sha512-oJFu94HQb+KVduSUQL7wnpmqnfmLsOA/nAh6b6EH0wCEoK0/mPeXU6c3wKDV83MkOuHPRHtSXKKU99IBazS/2w==

ufo@^1.6.3:
  version "1.6.3"
  resolved "https://registry.yarnpkg.com/ufo/-/ufo-1.6.3.tgz#799666e4e88c122a9659805e30b9dc071c3aed4f"
  integrity sha512-yDJTmhydvl5lJzBmy/hyOAA0d+aqCBuwl818haVdYCRrWV84o7YyeVm4QlVHStqNrrJSTb6jKuFAVqAFsr+K3Q==

unplugin-utils@^0.3.0, unplugin-utils@^0.3.1:
  version "0.3.1"
  resolved "https://registry.yarnpkg.com/unplugin-utils/-/unplugin-utils-0.3.1.tgz#ef2873670a6a2a21bd2c9d31307257cc863a709c"
  integrity sha512-5lWVjgi6vuHhJ526bI4nlCOmkCIF3nnfXkCMDeMJrtdvxTs6ZFCM8oNufGTsDbKv/tJ/xj8RpvXjRuPBZJuJog==
  dependencies:
    pathe "^2.0.3"
    picomatch "^4.0.3"

unplugin@^3.0.0:
  version "3.0.0"
  resolved "https://registry.yarnpkg.com/unplugin/-/unplugin-3.0.0.tgz#01e40c474bf74d363744f4cb262569d26dd9bb43"
  integrity sha512-0Mqk3AT2TZCXWKdcoaufeXNukv2mTrEZExeXlHIOZXdqYoHHr4n51pymnwV8x2BOVxwXbK2HLlI7usrqMpycdg==
  dependencies:
    "@jridgewell/remapping" "^2.3.5"
    picomatch "^4.0.3"
    webpack-virtual-modules "^0.6.2"

uuid@^13.0.0:
  version "13.0.0"
  resolved "https://registry.yarnpkg.com/uuid/-/uuid-13.0.0.tgz#263dc341b19b4d755eb8fe36b78d95a6b65707e8"
  integrity sha512-XQegIaBTVUjSHliKqcnFqYypAd4S+WCYt5NIeRs6w/UAry7z8Y9j5ZwRRL4kzq9U3sD6v+85er9FvkEaBpji2w==

vis-data@^8.0.3:
  version "8.0.3"
  resolved "https://registry.yarnpkg.com/vis-data/-/vis-data-8.0.3.tgz#774cfd1203fb58c159fa35701efee3d7b737088f"
  integrity sha512-jhnb6rJNqkKR1Qmlay0VuDXY9ZlvAnYN1udsrP4U+krgZEq7C0yNSKdZqmnCe13mdnf9AdVcdDGFOzy2mpPoqw==

vis-network@^10.0.2:
  version "10.0.2"
  resolved "https://registry.yarnpkg.com/vis-network/-/vis-network-10.0.2.tgz#cf8ea2c6a06d32612d90c1aac14def1432112484"
  integrity sha512-qPl8GLYBeHEFqiTqp4VBbYQIJ2EA8KLr7TstA2E8nJxfEHaKCU81hQLz7hhq11NUpHbMaRzBjW5uZpVKJ45/wA==

vis-util@^6.0.0:
  version "6.0.0"
  resolved "https://registry.yarnpkg.com/vis-util/-/vis-util-6.0.0.tgz#5cad6cbc950c7b2e809a0a14ae5c2c8ca62262b5"
  integrity sha512-qtpts3HRma0zPe4bO7t9A2uejkRNj8Z2Tb6do6lN85iPNWExFkUiVhdAq5uLGIUqBFduyYeqWJKv/jMkxX0R5g==

vite@^8.0.0-beta.15:
  version "8.0.0-beta.16"
  resolved "https://registry.yarnpkg.com/vite/-/vite-8.0.0-beta.16.tgz#af792ba3d1fabfe83b850fc5800814b626b4d041"
  integrity sha512-c0t7hYkxsjws89HH+BUFh/sL3BpPNhNsL9CJrTpMxBmwKQBRSa5OJ5w4o9O0bQVI/H/vx7UpUUIevvXa37NS/Q==
  dependencies:
    "@oxc-project/runtime" "0.115.0"
    lightningcss "^1.31.1"
    picomatch "^4.0.3"
    postcss "^8.5.6"
    rolldown "1.0.0-rc.6"
    tinyglobby "^0.2.15"
  optionalDependencies:
    fsevents "~2.3.3"

vue-echarts@^8.0.1:
  version "8.0.1"
  resolved "https://registry.yarnpkg.com/vue-echarts/-/vue-echarts-8.0.1.tgz#2ed7e507d223e56cd209610f4fee5e8ec9bcbb2f"
  integrity sha512-23rJTFLu1OUEGRWjJGmdGt8fP+8+ja1gVgzMYPIPaHWpXegcO1viIAaeu2H4QHESlVeHzUAHIxKXGrwjsyXAaA==

vue-router@^5.0.1:
  version "5.0.3"
  resolved "https://registry.yarnpkg.com/vue-router/-/vue-router-5.0.3.tgz#de0fac20b25dfa36ab77476abe944b9f86840621"
  integrity sha512-nG1c7aAFac7NYj8Hluo68WyWfc41xkEjaR0ViLHCa3oDvTQ/nIuLJlXJX1NUPw/DXzx/8+OKMng045HHQKQKWw==
  dependencies:
    "@babel/generator" "^7.28.6"
    "@vue-macros/common" "^3.1.1"
    "@vue/devtools-api" "^8.0.6"
    ast-walker-scope "^0.8.3"
    chokidar "^5.0.0"
    json5 "^2.2.3"
    local-pkg "^1.1.2"
    magic-string "^0.30.21"
    mlly "^1.8.0"
    muggle-string "^0.4.1"
    pathe "^2.0.3"
    picomatch "^4.0.3"
    scule "^1.3.0"
    tinyglobby "^0.2.15"
    unplugin "^3.0.0"
    unplugin-utils "^0.3.1"
    yaml "^2.8.2"

vue@^3.5.27:
  version "3.5.29"
  resolved "https://registry.yarnpkg.com/vue/-/vue-3.5.29.tgz#859a1cc5219eb1228c7ce6f355b27de080517111"
  integrity sha512-BZqN4Ze6mDQVNAni0IHeMJ5mwr8VAJ3MQC9FmprRhcBYENw+wOAAjRj8jfmN6FLl0j96OXbR+CjWhmAmM+QGnA==
  dependencies:
    "@vue/compiler-dom" "3.5.29"
    "@vue/compiler-sfc" "3.5.29"
    "@vue/runtime-dom" "3.5.29"
    "@vue/server-renderer" "3.5.29"
    "@vue/shared" "3.5.29"

webpack-virtual-modules@^0.6.2:
  version "0.6.2"
  resolved "https://registry.yarnpkg.com/webpack-virtual-modules/-/webpack-virtual-modules-0.6.2.tgz#057faa9065c8acf48f24cb57ac0e77739ab9a7e8"
  integrity sha512-66/V2i5hQanC51vBQKPH4aI8NMAcBW59FVBs+rC7eGHupMyfn34q7rZIE+ETlJ+XTevqfUhVVBgSUNSW2flEUQ==

yaml@^2.8.2:
  version "2.8.2"
  resolved "https://registry.yarnpkg.com/yaml/-/yaml-2.8.2.tgz#5694f25eca0ce9c3e7a9d9e00ce0ddabbd9e35c5"
  integrity sha512-mplynKqc1C2hTVYxd0PU2xQAc22TI1vShAYGksCCfxbn/dFwnHTNi1bvYsBTkhdUNtGIf5xNOg938rrSSYvS9A==

zrender@6.0.0:
  version "6.0.0"
  resolved "https://registry.yarnpkg.com/zrender/-/zrender-6.0.0.tgz#947077bc69cdea744134984927f132f3727f8079"
  integrity sha512-41dFXEEXuJpNecuUQq6JlbybmnHaqqpGlbH1yxnA5V9MMP4SbohSVZsJIwz+zdjQXSSlR1Vc34EgH1zxyTDvhg==
  dependencies:
    tslib "2.3.0"
